
Microsoft Visual Studio Solution File, Format Version 12.00
# Visual Studio Version 16
VisualStudioVersion = 16.0.31911.196
MinimumVisualStudioVersion = 10.0.40219.1
Project("{FAE04EC0-301F-11D3-BF4B-00C04F79EFBC}") = "Web.API", "Web.API\Web.API.csproj", "{637B3EE7-2205-4E67-A8CC-CC7B927A4CA3}"
EndProject
Project("{FAE04EC0-301F-11D3-BF4B-00C04F79EFBC}") = "Web.Data", "Web.Data\Web.Data.csproj", "{761C7F6A-BBE2-4DF0-A277-0FB442A9D911}"
EndProject
Project("{FAE04EC0-301F-11D3-BF4B-00C04F79EFBC}") = "Web.Services", "Web.Services\Web.Services.csproj", "{D4D76D54-BD48-4E6D-BEE9-A0E24FFDEB74}"
EndProject
Global
	GlobalSection(SolutionConfigurationPlatforms) = preSolution
		Debug|Any CPU = Debug|Any CPU
		Release|Any CPU = Release|Any CPU
	EndGlobalSection
	GlobalSection(ProjectConfigurationPlatforms) = postSolution
		{637B3EE7-2205-4E67-A8CC-CC7B927A4CA3}.Debug|Any CPU.ActiveCfg = Debug|Any CPU
		{637B3EE7-2205-4E67-A8CC-CC7B927A4CA3}.Debug|Any CPU.Build.0 = Debug|Any CPU
		{637B3EE7-2205-4E67-A8CC-CC7B927A4CA3}.Release|Any CPU.ActiveCfg = Release|Any CPU
		{637B3EE7-2205-4E67-A8CC-CC7B927A4CA3}.Release|Any CPU.Build.0 = Release|Any CPU
		{761C7F6A-BBE2-4DF0-A277-0FB442A9D911}.Debug|Any CPU.ActiveCfg = Debug|Any CPU
		{761C7F6A-BBE2-4DF0-A277-0FB442A9D911}.Debug|Any CPU.Build.0 = Debug|Any CPU
		{761C7F6A-BBE2-4DF0-A277-0FB442A9D911}.Release|Any CPU.ActiveCfg = Release|Any CPU
		{761C7F6A-BBE2-4DF0-A277-0FB442A9D911}.Release|Any CPU.Build.0 = Release|Any CPU
		{D4D76D54-BD48-4E6D-BEE9-A0E24FFDEB74}.Debug|Any CPU.ActiveCfg = Debug|Any CPU
		{D4D76D54-BD48-4E6D-BEE9-A0E24FFDEB74}.Debug|Any CPU.Build.0 = Debug|Any CPU
		{D4D76D54-BD48-4E6D-BEE9-A0E24FFDEB74}.Release|Any CPU.ActiveCfg = Release|Any CPU
		{D4D76D54-BD48-4E6D-BEE9-A0E24FFDEB74}.Release|Any CPU.Build.0 = Release|Any CPU
	EndGlobalSection
	GlobalSection(SolutionProperties) = preSolution
		HideSolutionNode = FALSE
	EndGlobalSection
	GlobalSection(ExtensibilityGlobals) = postSolution
		SolutionGuid = {EF86D7AF-98C7-4109-89E6-093F354EC014}
	EndGlobalSection
EndGlobal
